
Microsoft Visual Studio Solution File, Format Version 12.00
# Visual Studio 15
VisualStudioVersion = 15.0.26730.12
MinimumVisualStudioVersion = 10.0.40219.1
Project("{FAE04EC0-301F-11D3-BF4B-00C04F79EFBC}") = "App", "App\App.csproj", "{2B6B471E-AFCA-44BC-9A5B-BED8582A5431}"
EndProject
Project("{E53339B2-1760-4266-BCC7-CA923CBCF16C}") = "docker-compose", "docker-compose.dcproj", "{B8606713-D6FA-4083-8975-74ED8F71E9E9}"
EndProject
Global
	GlobalSection(SolutionConfigurationPlatforms) = preSolution
		Debug|Any CPU = Debug|Any CPU
		Release|Any CPU = Release|Any CPU
	EndGlobalSection
	GlobalSection(ProjectConfigurationPlatforms) = postSolution
		{2B6B471E-AFCA-44BC-9A5B-BED8582A5431}.Debug|Any CPU.ActiveCfg = Debug|Any CPU
		{2B6B471E-AFCA-44BC-9A5B-BED8582A5431}.Debug|Any CPU.Build.0 = Debug|Any CPU
		{2B6B471E-AFCA-44BC-9A5B-BED8582A5431}.Release|Any CPU.ActiveCfg = Release|Any CPU
		{2B6B471E-AFCA-44BC-9A5B-BED8582A5431}.Release|Any CPU.Build.0 = Release|Any CPU
		{B8606713-D6FA-4083-8975-74ED8F71E9E9}.Debug|Any CPU.ActiveCfg = Debug|Any CPU
		{B8606713-D6FA-4083-8975-74ED8F71E9E9}.Debug|Any CPU.Build.0 = Debug|Any CPU
		{B8606713-D6FA-4083-8975-74ED8F71E9E9}.Release|Any CPU.ActiveCfg = Release|Any CPU
		{B8606713-D6FA-4083-8975-74ED8F71E9E9}.Release|Any CPU.Build.0 = Release|Any CPU
	EndGlobalSection
	GlobalSection(SolutionProperties) = preSolution
		HideSolutionNode = FALSE
	EndGlobalSection
	GlobalSection(ExtensibilityGlobals) = postSolution
		SolutionGuid = {C5804698-C964-4B92-B013-F3630A595FA4}
	EndGlobalSection
EndGlobal
